{
  "name": "task",
  "version": "0.0.0",
  "lockfileVersion": 3,
  "requires": true,
  "packages": {
    "": {
      "name": "task",
      "version": "0.0.0",
      "license": "UNLICENSED",
      "workspaces": [
        "apps/*",
        "packages/*"
      ],
      "devDependencies": {
        "@biomejs/biome": "^2.5.2",
        "turbo": "^2.10.3",
        "typescript": "^6.0.3"
      }
    },
    "node_modules/@biomejs/biome": {
      "version": "2.5.2",
      "resolved": "https://registry.npmjs.org/@biomejs/biome/-/biome-2.5.2.tgz",
      "integrity": "sha512-VQ3RCqr7JmDIX+w6stWYl+g/3bYofN3q2wDBHUKKc/c7i5QWrFKFBZYCYPWTE6agsUPMIZZe6/CMmVUfUAhkKA==",
      "dev": true,
      "license": "MIT OR Apache-2.0",
      "bin": {
        "biome": "bin/biome"
      },
      "engines": {
        "node": ">=14.21.3"
      },
      "funding": {
        "type": "opencollective",
        "url": "https://opencollective.com/biome"
      },
      "optionalDependencies": {
        "@biomejs/cli-darwin-arm64": "2.5.2",
        "@biomejs/cli-darwin-x64": "2.5.2",
        "@biomejs/cli-linux-arm64": "2.5.2",
        "@biomejs/cli-linux-arm64-musl": "2.5.2",
        "@biomejs/cli-linux-x64": "2.5.2",
        "@biomejs/cli-linux-x64-musl": "2.5.2",
        "@biomejs/cli-win32-arm64": "2.5.2",
        "@biomejs/cli-win32-x64": "2.5.2"
      }
    },
    "node_modules/@biomejs/cli-darwin-arm64": {
      "version": "2.5.2",
      "resolved": "https://registry.npmjs.org/@biomejs/cli-darwin-arm64/-/cli-darwin-arm64-2.5.2.tgz",
      "integrity": "sha512-e7P3P7EkwFc/KiX2AHw4YDLIBOMfG9CPCAwy52k5Bp0dfhkozx9hf6wCmIr2QeXy2XeccJ3V/Sg+hDmzYEqxSg==",
      "cpu": [
        "arm64"
      ],
      "dev": true,
      "license": "MIT OR Apache-2.0",
      "optional": true,
      "os": [
        "darwin"
      ],
      "engines": {
        "node": ">=14.21.3"
      }
    },
    "node_modules/@biomejs/cli-darwin-x64": {
      "version": "2.5.2",
      "resolved": "https://registry.npmjs.org/@biomejs/cli-darwin-x64/-/cli-darwin-x64-2.5.2.tgz",
      "integrity": "sha512-ymzMvjC1Jg0b9K0D26ZdARqFQXs7MocfLC5FOCGfkC0Ss+ACUJkX5364ZM5nT4NLZanHRZNVrZEy+Ibwcvux/g==",
      "cpu": [
        "x64"
      ],
      "dev": true,
      "license": "MIT OR Apache-2.0",
      "optional": true,
      "os": [
        "darwin"
      ],
      "engines": {
        "node": ">=14.21.3"
      }
    },
    "node_modules/@biomejs/cli-linux-arm64": {
      "version": "2.5.2",
      "resolved": "https://registry.npmjs.org/@biomejs/cli-linux-arm64/-/cli-linux-arm64-2.5.2.tgz",
      "integrity": "sha512-t7sseOmqND57uUWTwlawU6BYj+J06T/9EkydzBhkrgw/FK3QVhjU2wsJR0frljrKZ0/I8A/rYw7284QgqjQfIQ==",
      "cpu": [
        "arm64"
      ],
      "dev": true,
      "license": "MIT OR Apache-2.0",
      "optional": true,
      "os": [
        "linux"
      ],
      "engines": {
        "node": ">=14.21.3"
      }
    },
    "node_modules/@biomejs/cli-linux-arm64-musl": {
      "version": "2.5.2",
      "resolved": "https://registry.npmjs.org/@biomejs/cli-linux-arm64-musl/-/cli-linux-arm64-musl-2.5.2.tgz",
      "integrity": "sha512-w+ANG0ZvTu9IeEg9QnstoOnk6L0fpwJifW6aHR18+cb5Z39bkANItYjAfMrnvce5tmMK+IQ6nPX7/kQFdam5iw==",
      "cpu": [
        "arm64"
      ],
      "dev": true,
      "license": "MIT OR Apache-2.0",
      "optional": true,
      "os": [
        "linux"
      ],
      "engines": {
        "node": ">=14.21.3"
      }
    },
    "node_modules/@biomejs/cli-linux-x64": {
      "version": "2.5.2",
      "resolved": "https://registry.npmjs.org/@biomejs/cli-linux-x64/-/cli-linux-x64-2.5.2.tgz",
      "integrity": "sha512-M/lOZrewzTCRDINbjhQ1gYYru37KlD3kJBQwwKCG0ckz5E9IZwIoJ3X0wBwRXA+yBDIwWUuPBHS67HzJY4dTfA==",
      "cpu": [
        "x64"
      ],
      "dev": true,
      "license": "MIT OR Apache-2.0",
      "optional": true,
      "os": [
        "linux"
      ],
      "engines": {
        "node": ">=14.21.3"
      }
    },
    "node_modules/@biomejs/cli-linux-x64-musl": {
      "version": "2.5.2",
      "resolved": "https://registry.npmjs.org/@biomejs/cli-linux-x64-musl/-/cli-linux-x64-musl-2.5.2.tgz",
      "integrity": "sha512-VArNLAzND063tF+XY0yPyM+DyahpzOMzOAvb7qs259nhjJWRjvjZdssuA+Rfl+l07+NOesKZ0Xu2yFrXyBMtzw==",
      "cpu": [
        "x64"
      ],
      "dev": true,
      "license": "MIT OR Apache-2.0",
      "optional": true,
      "os": [
        "linux"
      ],
      "engines": {
        "node": ">=14.21.3"
      }
    },
    "node_modules/@biomejs/cli-win32-arm64": {
      "version": "2.5.2",
      "resolved": "https://registry.npmjs.org/@biomejs/cli-win32-arm64/-/cli-win32-arm64-2.5.2.tgz",
      "integrity": "sha512-kbjFFKyZlzYnAuw7sRy5qDoFG6zrP40UK08oPQsWK0ct3NMnGSt+Bs1iviEEyEIP57N5MrykGXdO/wRiaR4lww==",
      "cpu": [
        "arm64"
      ],
      "dev": true,
      "license": "MIT OR Apache-2.0",
      "optional": true,
      "os": [
        "win32"
      ],
      "engines": {
        "node": ">=14.21.3"
      }
    },
    "node_modules/@biomejs/cli-win32-x64": {
      "version": "2.5.2",
      "resolved": "https://registry.npmjs.org/@biomejs/cli-win32-x64/-/cli-win32-x64-2.5.2.tgz",
      "integrity": "sha512-4InchVpdVmdkkkgjQqKpgvyu+VPnoF/7RPSw5YATgEVpt2j72wcCAeV5TwaE9ZGJUZWZn7v2CwSAj6CrMJEx8A==",
      "cpu": [
        "x64"
      ],
      "dev": true,
      "license": "MIT OR Apache-2.0",
      "optional": true,
      "os": [
        "win32"
      ],
      "engines": {
        "node": ">=14.21.3"
      }
    },
    "node_modules/@task/api-client": {
      "resolved": "packages/api-client",
      "link": true
    },
    "node_modules/@task/config": {
      "resolved": "packages/config",
      "link": true
    },
    "node_modules/@task/domain": {
      "resolved": "packages/domain",
      "link": true
    },
    "node_modules/@task/ui": {
      "resolved": "packages/ui",
      "link": true
    },
    "node_modules/@turbo/darwin-64": {
      "version": "2.10.3",
      "resolved": "https://registry.npmjs.org/@turbo/darwin-64/-/darwin-64-2.10.3.tgz",
      "integrity": "sha512-guuiO2kKc7yUQFU2jhWyM/BrYGD/brqb0+JvJIXTQ/QI1NlWfHZ1id50kkkOWqxmBiDc8DgW2orfY85pQIc7gw==",
      "cpu": [
        "x64"
      ],
      "dev": true,
      "license": "MIT",
      "optional": true,
      "os": [
        "darwin"
      ]
    },
    "node_modules/@turbo/darwin-arm64": {
      "version": "2.10.3",
      "resolved": "https://registry.npmjs.org/@turbo/darwin-arm64/-/darwin-arm64-2.10.3.tgz",
      "integrity": "sha512-UglEDl/r1/h5Vw6oS6cEE29Jugz2sDLxHCSupNznKatj1fDMRXFqYKFcbvm8RTFhtYPI45NxkrPNo9BqNychBg==",
      "cpu": [
        "arm64"
      ],
      "dev": true,
      "license": "MIT",
      "optional": true,
      "os": [
        "darwin"
      ]
    },
    "node_modules/@turbo/linux-64": {
      "version": "2.10.3",
      "resolved": "https://registry.npmjs.org/@turbo/linux-64/-/linux-64-2.10.3.tgz",
      "integrity": "sha512-KuQxaPWD7OBmwEZqO0sgijwcuXR5eMWbo7BEt2m1D2Q3RylJDj7WMcJ0Btv2VJA0QC+khzAaTAm1yWowJ0CWAw==",
      "cpu": [
        "x64"
      ],
      "dev": true,
      "license": "MIT",
      "optional": true,
      "os": [
        "linux"
      ]
    },
    "node_modules/@turbo/linux-arm64": {
      "version": "2.10.3",
      "resolved": "https://registry.npmjs.org/@turbo/linux-arm64/-/linux-arm64-2.10.3.tgz",
      "integrity": "sha512-DPkIKQ+6p0sho3Cx/e/A3F+AKgXQJA+z//cHsTcyyM1YWRGSYA0UTP8NUpb4iS2tVBSniGwmjRUr73hpq8kcDg==",
      "cpu": [
        "arm64"
      ],
      "dev": true,
      "license": "MIT",
      "optional": true,
      "os": [
        "linux"
      ]
    },
    "node_modules/@turbo/windows-64": {
      "version": "2.10.3",
      "resolved": "https://registry.npmjs.org/@turbo/windows-64/-/windows-64-2.10.3.tgz",
      "integrity": "sha512-8NvFAze9D4PsosZAnK3aGqHz2vLzREz9lNIxLgfE0jRchq2sZQE190cwFm7WX17yg3ftPvwCvWH3rhLbG1UHCQ==",
      "cpu": [
        "x64"
      ],
      "dev": true,
      "license": "MIT",
      "optional": true,
      "os": [
        "win32"
      ]
    },
    "node_modules/@turbo/windows-arm64": {
      "version": "2.10.3",
      "resolved": "https://registry.npmjs.org/@turbo/windows-arm64/-/windows-arm64-2.10.3.tgz",
      "integrity": "sha512-AqjqV5cHbFa0YRaQ+Dyw6lSm6as4h/Uf8LcZ7VN8i+Odr23ShFD5SUvVAR1d3rZqibFVs9c0VdtXdfQfkdcs3A==",
      "cpu": [
        "arm64"
      ],
      "dev": true,
      "license": "MIT",
      "optional": true,
      "os": [
        "win32"
      ]
    },
    "node_modules/turbo": {
      "version": "2.10.3",
      "resolved": "https://registry.npmjs.org/turbo/-/turbo-2.10.3.tgz",
      "integrity": "sha512-uZIqzfgtWbyqu1Tqwdd0giRnPGgL0ejbcdF8eZLJhtTTVSrOgArZGzYeXTD6XNcc7ANgdhqex11Y9bHBeyiQLQ==",
      "dev": true,
      "license": "MIT",
      "bin": {
        "turbo": "bin/turbo"
      },
      "optionalDependencies": {
        "@turbo/darwin-64": "2.10.3",
        "@turbo/darwin-arm64": "2.10.3",
        "@turbo/linux-64": "2.10.3",
        "@turbo/linux-arm64": "2.10.3",
        "@turbo/windows-64": "2.10.3",
        "@turbo/windows-arm64": "2.10.3"
      }
    },
    "node_modules/typescript": {
      "version": "6.0.3",
      "resolved": "https://registry.npmjs.org/typescript/-/typescript-6.0.3.tgz",
      "integrity": "sha512-y2TvuxSZPDyQakkFRPZHKFm+KKVqIisdg9/CZwm9ftvKXLP8NRWj38/ODjNbr43SsoXqNuAisEf1GdCxqWcdBw==",
      "dev": true,
      "license": "Apache-2.0",
      "bin": {
        "tsc": "bin/tsc",
        "tsserver": "bin/tsserver"
      },
      "engines": {
        "node": ">=14.17"
      }
    },
    "packages/api-client": {
      "name": "@task/api-client",
      "version": "0.0.0"
    },
    "packages/config": {
      "name": "@task/config",
      "version": "0.0.0"
    },
    "packages/domain": {
      "name": "@task/domain",
      "version": "0.0.0"
    },
    "packages/ui": {
      "name": "@task/ui",
      "version": "0.0.0"
    }
  }
}
